
Microsoft Visual Studio Solution File, Format Version 12.00
# Visual Studio Version 16
VisualStudioVersion = 16.0.31321.278
MinimumVisualStudioVersion = 10.0.40219.1
Project("{9A19103F-16F7-4668-BE54-9A1E7A4F7556}") = "RefactoringCodeExample", "RefactoringCodeExample.csproj", "{27A4C10A-E6A3-4CA5-B250-86C379C6F466}"
EndProject
Global
	GlobalSection(SolutionConfigurationPlatforms) = preSolution
		Debug|Any CPU = Debug|Any CPU
		Release|Any CPU = Release|Any CPU
	EndGlobalSection
	GlobalSection(ProjectConfigurationPlatforms) = postSolution
		{27A4C10A-E6A3-4CA5-B250-86C379C6F466}.Debug|Any CPU.ActiveCfg = Debug|Any CPU
		{27A4C10A-E6A3-4CA5-B250-86C379C6F466}.Debug|Any CPU.Build.0 = Debug|Any CPU
		{27A4C10A-E6A3-4CA5-B250-86C379C6F466}.Release|Any CPU.ActiveCfg = Release|Any CPU
		{27A4C10A-E6A3-4CA5-B250-86C379C6F466}.Release|Any CPU.Build.0 = Release|Any CPU
	EndGlobalSection
	GlobalSection(SolutionProperties) = preSolution
		HideSolutionNode = FALSE
	EndGlobalSection
	GlobalSection(ExtensibilityGlobals) = postSolution
		SolutionGuid = {591A0DDF-9211-4C75-A422-7D1A5055B66B}
	EndGlobalSection
EndGlobal
